// !$*UTF8*$!
{
	archiveVersion = 1;
	classes = {
	};
	objectVersion = 50;
	objects = {

/* Begin PBXBuildFile section */
		19EB019D2599ED49004FDD45 /* AppDelegate.swift in Sources */ = {isa = PBXBuildFile; fileRef = 19EB019C2599ED49004FDD45 /* AppDelegate.swift */; };
		19EB019F2599ED49004FDD45 /* SceneDelegate.swift in Sources */ = {isa = PBXBuildFile; fileRef = 19EB019E2599ED49004FDD45 /* SceneDelegate.swift */; };
		19EB01A12599ED49004FDD45 /* ViewController.swift in Sources */ = {isa = PBXBuildFile; fileRef = 19EB01A02599ED49004FDD45 /* ViewController.swift */; };
		19EB01A42599ED49004FDD45 /* Main.storyboard in Resources */ = {isa = PBXBuildFile; fileRef = 19EB01A22599ED49004FDD45 /* Main.storyboard */; };
		19EB01A62599ED4B004FDD45 /* Assets.xcassets in Resources */ = {isa = PBXBuildFile; fileRef = 19EB01A52599ED4B004FDD45 /* Assets.xcassets */; };
		19EB01A92599ED4B004FDD45 /* LaunchScreen.storyboard in Resources */ = {isa = PBXBuildFile; fileRef = 19EB01A72599ED4B004FDD45 /* LaunchScreen.storyboard */; };
/* End PBXBuildFile section */

/* Begin PBXFileReference section */
		19EB01992599ED49004FDD45 /* ExpandableTableViewCells.app */ = {isa = PBXFileReference; explicitFileType = wrapper.application; includeInIndex = 0; path = ExpandableTableViewCells.app; sourceTree = BUILT_PRODUCTS_DIR; };
		19EB019C2599ED49004FDD45 /* AppDelegate.swift */ = {isa = PBXFileReference; lastKnownFileType = sourcecode.swift; path = AppDelegate.swift; sourceTree = "<group>"; };
		19EB019E2599ED49004FDD45 /* SceneDelegate.swift */ = {isa = PBXFileReference; lastKnownFileType = sourcecode.swift; path = SceneDelegate.swift; sourceTree = "<group>"; };
		19EB01A02599ED49004FDD45 /* ViewController.swift */ = {isa = PBXFileReference; lastKnownFileType = sourcecode.swift; path = ViewController.swift; sourceTree = "<group>"; };
		19EB01A32599ED49004FDD45 /* Base */ = {isa = PBXFileReference; lastKnownFileType = file.storyboard; name = Base; path = Base.lproj/Main.storyboard; sourceTree = "<group>"; };
		19EB01A52599ED4B004FDD45 /* Assets.xcassets */ = {isa = PBXFileReference; lastKnownFileType = folder.assetcatalog; path = Assets.xcassets; sourceTree = "<group>"; };
		19EB01A82599ED4B004FDD45 /* Base */ = {isa = PBXFileReference; lastKnownFileType = file.storyboard; name = Base; path = Base.lproj/LaunchScreen.storyboard; sourceTree = "<group>"; };
		19EB01AA2599ED4B004FDD45 /* Info.plist */ = {isa = PBXFileReference; lastKnownFileType = text.plist.xml; path = Info.plist; sourceTree = "<group>"; };
/* End PBXFileReference section */

/* Begin PBXFrameworksBuildPhase section */
		19EB01962599ED49004FDD45 /* Frameworks */ = {
			isa = PBXFrameworksBuildPhase;
			buildActionMask = 2147483647;
			files = (
			);
			runOnlyForDeploymentPostprocessing = 0;
		};
/* End PBXFrameworksBuildPhase section */

/* Begin PBXGroup section */
		19EB01902599ED49004FDD45 = {
			isa = PBXGroup;
			children = (
				19EB019B2599ED49004FDD45 /* ExpandableTableViewCells */,
				19EB019A2599ED49004FDD45 /* Products */,
			);
			sourceTree = "<group>";
		};
		19EB019A2599ED49004FDD45 /* Products */ = {
			isa = PBXGroup;
			children = (
				19EB01992599ED49004FDD45 /* ExpandableTableViewCells.app */,
			);
			name = Products;
			sourceTree = "<group>";
		};
		19EB019B2599ED49004FDD45 /* ExpandableTableViewCells */ = {
			isa = PBXGroup;
			children = (
				19EB019C2599ED49004FDD45 /* AppDelegate.swift */,
				19EB019E2599ED49004FDD45 /* SceneDelegate.swift */,
				19EB01A02599ED49004FDD45 /* ViewController.swift */,
				19EB01A22599ED49004FDD45 /* Main.storyboard */,
				19EB01A52599ED4B004FDD45 /* Assets.xcassets */,
				19EB01A72599ED4B004FDD45 /* LaunchScreen.storyboard */,
				19EB01AA2599ED4B004FDD45 /* Info.plist */,
			);
			path = ExpandableTableViewCells;
			sourceTree = "<group>";
		};
/* End PBXGroup section */

/* Begin PBXNativeTarget section */
		19EB01982599ED49004FDD45 /* ExpandableTableViewCells */ = {
			isa = PBXNativeTarget;
			buildConfigurationList = 19EB01AD2599ED4B004FDD45 /* Build configuration list for PBXNativeTarget "ExpandableTableViewCells" */;
			buildPhases = (
				19EB01952599ED49004FDD45 /* Sources */,
				19EB01962599ED49004FDD45 /* Frameworks */,
				19EB01972599ED49004FDD45 /* Resources */,
			);
			buildRules = (
			);
			dependencies = (
			);
			name = ExpandableTableViewCells;
			productName = ExpandableTableViewCells;
			productReference = 19EB01992599ED49004FDD45 /* ExpandableTableViewCells.app */;
			productType = "com.apple.product-type.application";
		};
/* End PBXNativeTarget section */

/* Begin PBXProject section */
		19EB01912599ED49004FDD45 /* Project object */ = {
			isa = PBXProject;
			attributes = {
				LastSwiftUpdateCheck = 1230;
				LastUpgradeCheck = 1230;
				TargetAttributes = {
					19EB01982599ED49004FDD45 = {
						CreatedOnToolsVersion = 12.3;
					};
				};
			};
			buildConfigurationList = 19EB01942599ED49004FDD45 /* Build configuration list for PBXProject "ExpandableTableViewCells" */;
			compatibilityVersion = "Xcode 9.3";
			developmentRegion = en;
			hasScannedForEncodings = 0;
			knownRegions = (
				en,
				Base,
			);
			mainGroup = 19EB01902599ED49004FDD45;
			productRefGroup = 19EB019A2599ED49004FDD45 /* Products */;
			projectDirPath = "";
			projectRoot = "";
			targets = (
				19EB01982599ED49004FDD45 /* ExpandableTableViewCells */,
			);
		};
/* End PBXProject section */

/* Begin PBXResourcesBuildPhase section */
		19EB01972599ED49004FDD45 /* Resources */ = {
			isa = PBXResourcesBuildPhase;
			buildActionMask = 2147483647;
			files = (
				19EB01A92599ED4B004FDD45 /* LaunchScreen.storyboard in Resources */,
				19EB01A62599ED4B004FDD45 /* Assets.xcassets in Resources */,
				19EB01A42599ED49004FDD45 /* Main.storyboard in Resources */,
			);
			runOnlyForDeploymentPostprocessing = 0;
		};
/* End PBXResourcesBuildPhase section */

/* Begin PBXSourcesBuildPhase section */
		19EB01952599ED49004FDD45 /* Sources */ = {
			isa = PBXSourcesBuildPhase;
			buildActionMask = 2147483647;
			files = (
				19EB01A12599ED49004FDD45 /* ViewController.swift in Sources */,
				19EB019D2599ED49004FDD45 /* AppDelegate.swift in Sources */,
				19EB019F2599ED49004FDD45 /* SceneDelegate.swift in Sources */,
			);
			runOnlyForDeploymentPostprocessing = 0;
		};
/* End PBXSourcesBuildPhase section */

/* Begin PBXVariantGroup section */
		19EB01A22599ED49004FDD45 /* Main.storyboard */ = {
			isa = PBXVariantGroup;
			children = (
				19EB01A32599ED49004FDD45 /* Base */,
			);
			name = Main.storyboard;
			sourceTree = "<group>";
		};
		19EB01A72599ED4B004FDD45 /* LaunchScreen.storyboard */ = {
			isa = PBXVariantGroup;
			children = (
				19EB01A82599ED4B004FDD45 /* Base */,
			);
			name = LaunchScreen.storyboard;
			sourceTree = "<group>";
		};
/* End PBXVariantGroup section */

/* Begin XCBuildConfiguration section */
		19EB01AB2599ED4B004FDD45 /* Debug */ = {
			isa = XCBuildConfiguration;
			buildSettings = {
				ALWAYS_SEARCH_USER_PATHS = NO;
				CLANG_ANALYZER_NONNULL = YES;
				CLANG_ANALYZER_NUMBER_OBJECT_CONVERSION = YES_AGGRESSIVE;
				CLANG_CXX_LANGUAGE_STANDARD = "gnu++14";
				CLANG_CXX_LIBRARY = "libc++";
				CLANG_ENABLE_MODULES = YES;
				CLANG_ENABLE_OBJC_ARC = YES;
				CLANG_ENABLE_OBJC_WEAK = YES;
				CLANG_WARN_BLOCK_CAPTURE_AUTORELEASING = YES;
				CLANG_WARN_BOOL_CONVERSION = YES;
				CLANG_WARN_COMMA = YES;
				CLANG_WARN_CONSTANT_CONVERSION = YES;
				CLANG_WARN_DEPRECATED_OBJC_IMPLEMENTATIONS = YES;
				CLANG_WARN_DIRECT_OBJC_ISA_USAGE = YES_ERROR;
				CLANG_WARN_DOCUMENTATION_COMMENTS = YES;
				CLANG_WARN_EMPTY_BODY = YES;
				CLANG_WARN_ENUM_CONVERSION = YES;
				CLANG_WARN_INFINITE_RECURSION = YES;
				CLANG_WARN_INT_CONVERSION = YES;
				CLANG_WARN_NON_LITERAL_NULL_CONVERSION = YES;
				CLANG_WARN_OBJC_IMPLICIT_RETAIN_SELF = YES;
				CLANG_WARN_OBJC_LITERAL_CONVERSION = YES;
				CLANG_WARN_OBJC_ROOT_CLASS = YES_ERROR;
				CLANG_WARN_QUOTED_INCLUDE_IN_FRAMEWORK_HEADER = YES;
				CLANG_WARN_RANGE_LOOP_ANALYSIS = YES;
				CLANG_WARN_STRICT_PROTOTYPES = YES;
				CLANG_WARN_SUSPICIOUS_MOVE = YES;
				CLANG_WARN_UNGUARDED_AVAILABILITY = YES_AGGRESSIVE;
				CLANG_WARN_UNREACHABLE_CODE = YES;
				CLANG_WARN__DUPLICATE_METHOD_MATCH = YES;
				COPY_PHASE_STRIP = NO;
				DEBUG_INFORMATION_FORMAT = dwarf;
				ENABLE_STRICT_OBJC_MSGSEND = YES;
				ENABLE_TESTABILITY = YES;
				GCC_C_LANGUAGE_STANDARD = gnu11;
				GCC_DYNAMIC_NO_PIC = NO;
				GCC_NO_COMMON_BLOCKS = YES;
				GCC_OPTIMIZATION_LEVEL = 0;
				GCC_PREPROCESSOR_DEFINITIONS = (
					"DEBUG=1",
					"$(inherited)",
				);
				GCC_WARN_64_TO_32_BIT_CONVERSION = YES;
				GCC_WARN_ABOUT_RETURN_TYPE = YES_ERROR;
				GCC_WARN_UNDECLARED_SELECTOR = YES;
				GCC_WARN_UNINITIALIZED_AUTOS = YES_AGGRESSIVE;
				GCC_WARN_UNUSED_FUNCTION = YES;
				GCC_WARN_UNUSED_VARIABLE = YES;
				IPHONEOS_DEPLOYMENT_TARGET = 14.3;
				MTL_ENABLE_DEBUG_INFO = INCLUDE_SOURCE;
				MTL_FAST_MATH = YES;
				ONLY_ACTIVE_ARCH = YES;
				SDKROOT = iphoneos;
				SWIFT_ACTIVE_COMPILATION_CONDITIONS = DEBUG;
				SWIFT_OPTIMIZATION_LEVEL = "-Onone";
			};
			name = Debug;
		};
		19EB01AC2599ED4B004FDD45 /* Release */ = {
			isa = XCBuildConfiguration;
			buildSettings = {
				ALWAYS_SEARCH_USER_PATHS = NO;
				CLANG_ANALYZER_NONNULL = YES;
				CLANG_ANALYZER_NUMBER_OBJECT_CONVERSION = YES_AGGRESSIVE;
				CLANG_CXX_LANGUAGE_STANDARD = "gnu++14";
				CLANG_CXX_LIBRARY = "libc++";
				CLANG_ENABLE_MODULES = YES;
				CLANG_ENABLE_OBJC_ARC = YES;
				CLANG_ENABLE_OBJC_WEAK = YES;
				CLANG_WARN_BLOCK_CAPTURE_AUTORELEASING = YES;
				CLANG_WARN_BOOL_CONVERSION = YES;
				CLANG_WARN_COMMA = YES;
				CLANG_WARN_CONSTANT_CONVERSION = YES;
				CLANG_WARN_DEPRECATED_OBJC_IMPLEMENTATIONS = YES;
				CLANG_WARN_DIRECT_OBJC_ISA_USAGE = YES_ERROR;
				CLANG_WARN_DOCUMENTATION_COMMENTS = YES;
				CLANG_WARN_EMPTY_BODY = YES;
				CLANG_WARN_ENUM_CONVERSION = YES;
				CLANG_WARN_INFINITE_RECURSION = YES;
				CLANG_WARN_INT_CONVERSION = YES;
				CLANG_WARN_NON_LITERAL_NULL_CONVERSION = YES;
				CLANG_WARN_OBJC_IMPLICIT_RETAIN_SELF = YES;
				CLANG_WARN_OBJC_LITERAL_CONVERSION = YES;
				CLANG_WARN_OBJC_ROOT_CLASS = YES_ERROR;
				CLANG_WARN_QUOTED_INCLUDE_IN_FRAMEWORK_HEADER = YES;
				CLANG_WARN_RANGE_LOOP_ANALYSIS = YES;
				CLANG_WARN_STRICT_PROTOTYPES = YES;
				CLANG_WARN_SUSPICIOUS_MOVE = YES;
				CLANG_WARN_UNGUARDED_AVAILABILITY = YES_AGGRESSIVE;
				CLANG_WARN_UNREACHABLE_CODE = YES;
				CLANG_WARN__DUPLICATE_METHOD_MATCH = YES;
				COPY_PHASE_STRIP = NO;
				DEBUG_INFORMATION_FORMAT = "dwarf-with-dsym";
				ENABLE_NS_ASSERTIONS = NO;
				ENABLE_STRICT_OBJC_MSGSEND = YES;
				GCC_C_LANGUAGE_STANDARD = gnu11;
				GCC_NO_COMMON_BLOCKS = YES;
				GCC_WARN_64_TO_32_BIT_CONVERSION = YES;
				GCC_WARN_ABOUT_RETURN_TYPE = YES_ERROR;
				GCC_WARN_UNDECLARED_SELECTOR = YES;
				GCC_WARN_UNINITIALIZED_AUTOS = YES_AGGRESSIVE;
				GCC_WARN_UNUSED_FUNCTION = YES;
				GCC_WARN_UNUSED_VARIABLE = YES;
				IPHONEOS_DEPLOYMENT_TARGET = 14.3;
				MTL_ENABLE_DEBUG_INFO = NO;
				MTL_FAST_MATH = YES;
				SDKROOT = iphoneos;
				SWIFT_COMPILATION_MODE = wholemodule;
				SWIFT_OPTIMIZATION_LEVEL = "-O";
				VALIDATE_PRODUCT = YES;
			};
			name = Release;
		};
		19EB01AE2599ED4B004FDD45 /* Debug */ = {
			isa = XCBuildConfiguration;
			buildSettings = {
				ASSETCATALOG_COMPILER_APPICON_NAME = AppIcon;
				ASSETCATALOG_COMPILER_GLOBAL_ACCENT_COLOR_NAME = AccentColor;
				CODE_SIGN_STYLE = Automatic;
				DEVELOPMENT_TEAM = 897D8KJJ6Y;
				INFOPLIST_FILE = ExpandableTableViewCells/Info.plist;
				LD_RUNPATH_SEARCH_PATHS = (
					"$(inherited)",
					"@executable_path/Frameworks",
				);
				PRODUCT_BUNDLE_IDENTIFIER = mc.ExpandableTableViewCells;
				PRODUCT_NAME = "$(TARGET_NAME)";
				SWIFT_VERSION = 5.0;
				TARGETED_DEVICE_FAMILY = 1;
			};
			name = Debug;
		};
		19EB01AF2599ED4B004FDD45 /* Release */ = {
			isa = XCBuildConfiguration;
			buildSettings = {
				ASSETCATALOG_COMPILER_APPICON_NAME = AppIcon;
				ASSETCATALOG_COMPILER_GLOBAL_ACCENT_COLOR_NAME = AccentColor;
				CODE_SIGN_STYLE = Automatic;
				DEVELOPMENT_TEAM = 897D8KJJ6Y;
				INFOPLIST_FILE = ExpandableTableViewCells/Info.plist;
				LD_RUNPATH_SEARCH_PATHS = (
					"$(inherited)",
					"@executable_path/Frameworks",
				);
				PRODUCT_BUNDLE_IDENTIFIER = mc.ExpandableTableViewCells;
				PRODUCT_NAME = "$(TARGET_NAME)";
				SWIFT_VERSION = 5.0;
				TARGETED_DEVICE_FAMILY = 1;
			};
			name = Release;
		};
/* End XCBuildConfiguration section */

/* Begin XCConfigurationList section */
		19EB01942599ED49004FDD45 /* Build configuration list for PBXProject "ExpandableTableViewCells" */ = {
			isa = XCConfigurationList;
			buildConfigurations = (
				19EB01AB2599ED4B004FDD45 /* Debug */,
				19EB01AC2599ED4B004FDD45 /* Release */,
			);
			defaultConfigurationIsVisible = 0;
			defaultConfigurationName = Release;
		};
		19EB01AD2599ED4B004FDD45 /* Build configuration list for PBXNativeTarget "ExpandableTableViewCells" */ = {
			isa = XCConfigurationList;
			buildConfigurations = (
				19EB01AE2599ED4B004FDD45 /* Debug */,
				19EB01AF2599ED4B004FDD45 /* Release */,
			);
			defaultConfigurationIsVisible = 0;
			defaultConfigurationName = Release;
		};
/* End XCConfigurationList section */
	};
	rootObject = 19EB01912599ED49004FDD45 /* Project object */;
}
